<?xml version="1.0" encoding="utf-8"?>
<Project ToolsVersion="4.0" xmlns="http://schemas.microsoft.com/developer/msbuild/2003">
  <ItemGroup>
    <Filter Include="Исходные файлы">
      <UniqueIdentifier>{4FC737F1-C7A5-4376-A066-2A32D752A2FF}</UniqueIdentifier>
      <Extensions>cpp;c;cc;cxx;c++;cppm;ixx;def;odl;idl;hpj;bat;asm;asmx</Extensions>
    </Filter>
    <Filter Include="Файлы заголовков">
      <UniqueIdentifier>{93995380-89BD-4b04-88EB-625FBE52EBFB}</UniqueIdentifier>
      <Extensions>h;hh;hpp;hxx;h++;hm;inl;inc;ipp;xsd</Extensions>
    </Filter>
    <Filter Include="Файлы ресурсов">
      <UniqueIdentifier>{67DA6AB6-F800-4c08-8B7A-83BB121AAD01}</UniqueIdentifier>
      <Extensions>rc;ico;cur;bmp;dlg;rc2;rct;bin;rgs;gif;jpg;jpeg;jpe;resx;tiff;tif;png;wav;mfcribbon-ms</Extensions>
    </Filter>
  </ItemGroup>
  <ItemGroup>
    <ClCompile Include="ооп4.cpp">
      <Filter>Исходные файлы</Filter>
    </ClCompile>
    <ClCompile Include="AccessController.cpp">
      <Filter>Исходные файлы</Filter>
    </ClCompile>
    <ClCompile Include="Configurator.cpp">
      <Filter>Исходные файлы</Filter>
    </ClCompile>
    <ClCompile Include="Customer.cpp">
      <Filter>Исходные файлы</Filter>
    </ClCompile>
    <ClCompile Include="main.cpp">
      <Filter>Исходные файлы</Filter>
    </ClCompile>
    <ClCompile Include="PaymentSystem.cpp">
      <Filter>Исходные файлы</Filter>
    </ClCompile>
    <ClCompile Include="Product.cpp">
      <Filter>Исходные файлы</Filter>
    </ClCompile>
    <ClCompile Include="ShoppingCart.cpp">
      <Filter>Исходные файлы</Filter>
    </ClCompile>
    <ClCompile Include="ShopSimulation.cpp">
      <Filter>Исходные файлы</Filter>
    </ClCompile>
    <ClCompile Include="Turnstile.cpp">
      <Filter>Исходные файлы</Filter>
    </ClCompile>
    <ClCompile Include="AutoDoor.cpp">
      <Filter>Исходные файлы</Filter>
    </ClCompile>
    <ClCompile Include="PostalScale.cpp">
      <Filter>Исходные файлы</Filter>
    </ClCompile>
    <ClCompile Include="HighPrecisionScale.cpp">
      <Filter>Исходные файлы</Filter>
    </ClCompile>
  </ItemGroup>
  <ItemGroup>
    <ClInclude Include="AccessController.h">
      <Filter>Файлы заголовков</Filter>
    </ClInclude>
    <ClInclude Include="Camera.h">
      <Filter>Файлы заголовков</Filter>
    </ClInclude>
    <ClInclude Include="CheckoutScale.h">
      <Filter>Файлы заголовков</Filter>
    </ClInclude>
    <ClInclude Include="Configurator.h">
      <Filter>Файлы заголовков</Filter>
    </ClInclude>
    <ClInclude Include="Customer.h">
      <Filter>Файлы заголовков</Filter>
    </ClInclude>
    <ClInclude Include="InventoryRobot.h">
      <Filter>Файлы заголовков</Filter>
    </ClInclude>
    <ClInclude Include="InventorySystem.h">
      <Filter>Файлы заголовков</Filter>
    </ClInclude>
    <ClInclude Include="MotionSensor.h">
      <Filter>Файлы заголовков</Filter>
    </ClInclude>
    <ClInclude Include="PaymentSystem.h">
      <Filter>Файлы заголовков</Filter>
    </ClInclude>
    <ClInclude Include="Product.h">
      <Filter>Файлы заголовков</Filter>
    </ClInclude>
    <ClInclude Include="ShoppingCart.h">
      <Filter>Файлы заголовков</Filter>
    </ClInclude>
    <ClInclude Include="ShopSimulation.h">
      <Filter>Файлы заголовков</Filter>
    </ClInclude>
    <ClInclude Include="SmartShelf.h">
      <Filter>Файлы заголовков</Filter>
    </ClInclude>
    <ClInclude Include="Turnstile.h">
      <Filter>Файлы заголовков</Filter>
    </ClInclude>
    <ClInclude Include="AutoDoor.h">
      <Filter>Файлы заголовков</Filter>
    </ClInclude>
    <ClInclude Include="IExitDevice.h">
      <Filter>Файлы заголовков</Filter>
    </ClInclude>
    <ClInclude Include="PostalScale.h">
      <Filter>Файлы заголовков</Filter>
    </ClInclude>
    <ClInclude Include="HighPrecisionScale.h">
      <Filter>Файлы заголовков</Filter>
    </ClInclude>
  </ItemGroup>
  <ItemGroup>
    <None Include="shop_config.ini" />
    <None Include="ClassDiagram.cd">
      <Filter>Исходные файлы</Filter>
    </None>
  </ItemGroup>
</Project>